
Microsoft Visual Studio Solution File, Format Version 12.00
# Visual Studio Version 17
VisualStudioVersion = 17.14.36408.4
MinimumVisualStudioVersion = 10.0.40219.1
Project("{FAE04EC0-301F-11D3-BF4B-00C04F79EFBC}") = "TwinFx", "TwinFx.csproj", "{324EFB5F-CD8E-4FBF-AECA-9E6358FBBF8F}"
EndProject
Project("{FAE04EC0-301F-11D3-BF4B-00C04F79EFBC}") = "TwinFxTests", "..\TwinFxTests\TwinFxTests.csproj", "{99F148C4-24B2-484C-A1B9-B0EBEB28FF44}"
EndProject
Global
	GlobalSection(SolutionConfigurationPlatforms) = preSolution
		Debug|Any CPU = Debug|Any CPU
		Release|Any CPU = Release|Any CPU
	EndGlobalSection
	GlobalSection(ProjectConfigurationPlatforms) = postSolution
		{324EFB5F-CD8E-4FBF-AECA-9E6358FBBF8F}.Debug|Any CPU.ActiveCfg = Debug|Any CPU
		{324EFB5F-CD8E-4FBF-AECA-9E6358FBBF8F}.Debug|Any CPU.Build.0 = Debug|Any CPU
		{324EFB5F-CD8E-4FBF-AECA-9E6358FBBF8F}.Release|Any CPU.ActiveCfg = Release|Any CPU
		{324EFB5F-CD8E-4FBF-AECA-9E6358FBBF8F}.Release|Any CPU.Build.0 = Release|Any CPU
		{99F148C4-24B2-484C-A1B9-B0EBEB28FF44}.Debug|Any CPU.ActiveCfg = Debug|Any CPU
		{99F148C4-24B2-484C-A1B9-B0EBEB28FF44}.Debug|Any CPU.Build.0 = Debug|Any CPU
		{99F148C4-24B2-484C-A1B9-B0EBEB28FF44}.Release|Any CPU.ActiveCfg = Release|Any CPU
		{99F148C4-24B2-484C-A1B9-B0EBEB28FF44}.Release|Any CPU.Build.0 = Release|Any CPU
	EndGlobalSection
	GlobalSection(SolutionProperties) = preSolution
		HideSolutionNode = FALSE
	EndGlobalSection
	GlobalSection(ExtensibilityGlobals) = postSolution
		SolutionGuid = {DA8D684E-B13F-4BD1-A5E6-A0DC36F14383}
	EndGlobalSection
EndGlobal
